
Microsoft Visual Studio Solution File, Format Version 12.00
# Visual Studio 15
VisualStudioVersion = 15.0.28010.2050
MinimumVisualStudioVersion = 10.0.40219.1
Project("{FAE04EC0-301F-11D3-BF4B-00C04F79EFBC}") = "TesTransaction", "TesTransaction\TesTransaction.csproj", "{689AF50C-87EC-44CC-8EDF-E6710A1D7163}"
EndProject
Global
	GlobalSection(SolutionConfigurationPlatforms) = preSolution
		Debug|Any CPU = Debug|Any CPU
		Release|Any CPU = Release|Any CPU
	EndGlobalSection
	GlobalSection(ProjectConfigurationPlatforms) = postSolution
		{689AF50C-87EC-44CC-8EDF-E6710A1D7163}.Debug|Any CPU.ActiveCfg = Debug|Any CPU
		{689AF50C-87EC-44CC-8EDF-E6710A1D7163}.Debug|Any CPU.Build.0 = Debug|Any CPU
		{689AF50C-87EC-44CC-8EDF-E6710A1D7163}.Release|Any CPU.ActiveCfg = Release|Any CPU
		{689AF50C-87EC-44CC-8EDF-E6710A1D7163}.Release|Any CPU.Build.0 = Release|Any CPU
	EndGlobalSection
	GlobalSection(SolutionProperties) = preSolution
		HideSolutionNode = FALSE
	EndGlobalSection
	GlobalSection(ExtensibilityGlobals) = postSolution
		SolutionGuid = {AEB50534-5C65-412D-9D83-5901D719791D}
	EndGlobalSection
EndGlobal
